# This file is automatically @generated by Cargo.
# It is not intended for manual editing.
version = 3

[[package]]
name = "cc"
version = "1.0.83"
source = "registry+https://github.com/rust-lang/crates.io-index"
checksum = "f1174fb0b6ec23863f8b971027804a42614e347eafb0a95bf0b12cdae21fc4d0"
dependencies = [
 "libc",
]

[[package]]
name = "in-memory-example"
version = "0.1.0"
dependencies = [
 "sqlite",
]

[[package]]
name = "libc"
version = "0.2.150"
source = "registry+https://github.com/rust-lang/crates.io-index"
checksum = "89d92a4743f9a61002fae18374ed11e7973f530cb3a3255fb354818118b2203c"

[[package]]
name = "pkg-config"
version = "0.3.27"
source = "registry+https://github.com/rust-lang/crates.io-index"
checksum = "26072860ba924cbfa98ea39c8c19b4dd6a4a25423dbdf219c1eca91aa0cf6964"

[[package]]
name = "sqlite"
version = "0.32.0"
source = "registry+https://github.com/rust-lang/crates.io-index"
checksum = "03801c10193857d6a4a71ec46cee198a15cbc659622aabe1db0d0bdbefbcf8e6"
dependencies = [
 "libc",
 "sqlite3-sys",
]

[[package]]
name = "sqlite3-src"
version = "0.5.1"
source = "registry+https://github.com/rust-lang/crates.io-index"
checksum = "bfc95a51a1ee38839599371685b9d4a926abb51791f0bc3bf8c3bb7867e6e454"
dependencies = [
 "cc",
 "pkg-config",
]

[[package]]
name = "sqlite3-sys"
version = "0.15.2"
source = "registry+https://github.com/rust-lang/crates.io-index"
checksum = "f2752c669433e40ebb08fde824146f50d9628aa0b66a3b7fc6be34db82a8063b"
dependencies = [
 "libc",
 "sqlite3-src",
]
