version: 2.0
shards:
  ameba:
    git: https://github.com/crystal-ameba/ameba.git
    version: 0.14.3

  crinja:
    git: https://github.com/straight-shoota/crinja.git
    version: 0.7.0

  exception_page:
    git: https://github.com/crystal-loot/exception_page.git
    version: 0.1.5

  kemal:
    git: https://github.com/kemalcr/kemal.git
    version: 1.0.0

  kilt:
    git: https://github.com/jeromegn/kilt.git
    version: 0.4.1

  radix:
    git: https://github.com/luislavena/radix.git
    version: 0.4.1

  sentry:
    git: https://github.com/samueleaton/sentry.git
    version: 0.4.0

  spec-kemal:
    git: https://github.com/kemalcr/spec-kemal.git
    version: 1.0.0

